
Microsoft Visual Studio Solution File, Format Version 12.00
# Visual Studio 15
VisualStudioVersion = 15.0.27703.2042
MinimumVisualStudioVersion = 10.0.40219.1
Project("{FAE04EC0-301F-11D3-BF4B-00C04F79EFBC}") = "SamuraiApp.Domain", "Samurai.Domain\SamuraiApp.Domain.csproj", "{A22EC559-6D65-4A41-89EE-BD5C4604F557}"
EndProject
Project("{FAE04EC0-301F-11D3-BF4B-00C04F79EFBC}") = "SamuraiApp.Data", "Samurai.Data\SamuraiApp.Data.csproj", "{BF284C61-BB69-4DA4-86A8-9CC77757E235}"
EndProject
Project("{FAE04EC0-301F-11D3-BF4B-00C04F79EFBC}") = "SamuraiApp.Console", "SamuraiApp.Console\SamuraiApp.Console.csproj", "{3F4B09B2-5060-4FFD-8F1B-EF5C2BFED5AB}"
EndProject
Global
	GlobalSection(SolutionConfigurationPlatforms) = preSolution
		Debug|Any CPU = Debug|Any CPU
		Release|Any CPU = Release|Any CPU
	EndGlobalSection
	GlobalSection(ProjectConfigurationPlatforms) = postSolution
		{A22EC559-6D65-4A41-89EE-BD5C4604F557}.Debug|Any CPU.ActiveCfg = Debug|Any CPU
		{A22EC559-6D65-4A41-89EE-BD5C4604F557}.Debug|Any CPU.Build.0 = Debug|Any CPU
		{A22EC559-6D65-4A41-89EE-BD5C4604F557}.Release|Any CPU.ActiveCfg = Release|Any CPU
		{A22EC559-6D65-4A41-89EE-BD5C4604F557}.Release|Any CPU.Build.0 = Release|Any CPU
		{BF284C61-BB69-4DA4-86A8-9CC77757E235}.Debug|Any CPU.ActiveCfg = Debug|Any CPU
		{BF284C61-BB69-4DA4-86A8-9CC77757E235}.Debug|Any CPU.Build.0 = Debug|Any CPU
		{BF284C61-BB69-4DA4-86A8-9CC77757E235}.Release|Any CPU.ActiveCfg = Release|Any CPU
		{BF284C61-BB69-4DA4-86A8-9CC77757E235}.Release|Any CPU.Build.0 = Release|Any CPU
		{3F4B09B2-5060-4FFD-8F1B-EF5C2BFED5AB}.Debug|Any CPU.ActiveCfg = Debug|Any CPU
		{3F4B09B2-5060-4FFD-8F1B-EF5C2BFED5AB}.Debug|Any CPU.Build.0 = Debug|Any CPU
		{3F4B09B2-5060-4FFD-8F1B-EF5C2BFED5AB}.Release|Any CPU.ActiveCfg = Release|Any CPU
		{3F4B09B2-5060-4FFD-8F1B-EF5C2BFED5AB}.Release|Any CPU.Build.0 = Release|Any CPU
	EndGlobalSection
	GlobalSection(SolutionProperties) = preSolution
		HideSolutionNode = FALSE
	EndGlobalSection
	GlobalSection(ExtensibilityGlobals) = postSolution
		SolutionGuid = {4539F0AF-8B37-4115-9B75-CE594C1CA3F1}
	EndGlobalSection
EndGlobal
